
Microsoft Visual Studio Solution File, Format Version 10.00
# Visual Studio 2008
Project("{E24C65DC-7377-472B-9ABA-BC803B73C61A}") = "web", "web\", "{49678F5F-F004-4F02-A03E-F59D043AB65E}"
	ProjectSection(WebsiteProperties) = preProject
		TargetFramework = "3.5"
		ProjectReferences = "{4B3CB25F-C50A-49E3-BD98-6024A07420E2}|ActiveRecord.dll;"
		Debug.AspNetCompiler.VirtualPath = "/web"
		Debug.AspNetCompiler.PhysicalPath = "web\"
		Debug.AspNetCompiler.TargetPath = "PrecompiledWeb\web\"
		Debug.AspNetCompiler.Updateable = "true"
		Debug.AspNetCompiler.ForceOverwrite = "true"
		Debug.AspNetCompiler.FixedNames = "false"
		Debug.AspNetCompiler.Debug = "True"
		Release.AspNetCompiler.VirtualPath = "/web"
		Release.AspNetCompiler.PhysicalPath = "web\"
		Release.AspNetCompiler.TargetPath = "PrecompiledWeb\web\"
		Release.AspNetCompiler.Updateable = "true"
		Release.AspNetCompiler.ForceOverwrite = "true"
		Release.AspNetCompiler.FixedNames = "false"
		Release.AspNetCompiler.Debug = "False"
		VWDPort = "1296"
	EndProjectSection
EndProject
Project("{FAE04EC0-301F-11D3-BF4B-00C04F79EFBC}") = "ActiveRecord", "ActiveRecord\ActiveRecord.csproj", "{4B3CB25F-C50A-49E3-BD98-6024A07420E2}"
EndProject
Global
	GlobalSection(SolutionConfigurationPlatforms) = preSolution
		Debug|Any CPU = Debug|Any CPU
		Release|Any CPU = Release|Any CPU
	EndGlobalSection
	GlobalSection(ProjectConfigurationPlatforms) = postSolution
		{49678F5F-F004-4F02-A03E-F59D043AB65E}.Debug|Any CPU.ActiveCfg = Debug|Any CPU
		{49678F5F-F004-4F02-A03E-F59D043AB65E}.Debug|Any CPU.Build.0 = Debug|Any CPU
		{49678F5F-F004-4F02-A03E-F59D043AB65E}.Release|Any CPU.ActiveCfg = Debug|Any CPU
		{49678F5F-F004-4F02-A03E-F59D043AB65E}.Release|Any CPU.Build.0 = Debug|Any CPU
		{4B3CB25F-C50A-49E3-BD98-6024A07420E2}.Debug|Any CPU.ActiveCfg = Debug|Any CPU
		{4B3CB25F-C50A-49E3-BD98-6024A07420E2}.Debug|Any CPU.Build.0 = Debug|Any CPU
		{4B3CB25F-C50A-49E3-BD98-6024A07420E2}.Release|Any CPU.ActiveCfg = Release|Any CPU
		{4B3CB25F-C50A-49E3-BD98-6024A07420E2}.Release|Any CPU.Build.0 = Release|Any CPU
	EndGlobalSection
	GlobalSection(SolutionProperties) = preSolution
		HideSolutionNode = FALSE
	EndGlobalSection
EndGlobal
